
Microsoft Visual Studio Solution File, Format Version 12.00
# Visual Studio Version 17
VisualStudioVersion = 17.7.34024.191
MinimumVisualStudioVersion = 10.0.40219.1
Project("{9A19103F-16F7-4668-BE54-9A1E7A4F7556}") = "MakeYourRestaurantAPI", "MakeYourRestaurantApi\MakeYourRestaurantAPI.csproj", "{D5D9D32E-9162-49D6-89E9-8598C3C464AB}"
EndProject
Global
	GlobalSection(SolutionConfigurationPlatforms) = preSolution
		Debug|Any CPU = Debug|Any CPU
		Release|Any CPU = Release|Any CPU
	EndGlobalSection
	GlobalSection(ProjectConfigurationPlatforms) = postSolution
		{D5D9D32E-9162-49D6-89E9-8598C3C464AB}.Debug|Any CPU.ActiveCfg = Debug|Any CPU
		{D5D9D32E-9162-49D6-89E9-8598C3C464AB}.Debug|Any CPU.Build.0 = Debug|Any CPU
		{D5D9D32E-9162-49D6-89E9-8598C3C464AB}.Release|Any CPU.ActiveCfg = Release|Any CPU
		{D5D9D32E-9162-49D6-89E9-8598C3C464AB}.Release|Any CPU.Build.0 = Release|Any CPU
	EndGlobalSection
	GlobalSection(SolutionProperties) = preSolution
		HideSolutionNode = FALSE
	EndGlobalSection
	GlobalSection(ExtensibilityGlobals) = postSolution
		SolutionGuid = {5C21F7F3-20AC-4930-8FF2-E7E8BE5DCD42}
	EndGlobalSection
EndGlobal
